{
  "name": "static",
  "lockfileVersion": 3,
  "requires": true,
  "packages": {
    "": {
      "dependencies": {
        "ol": "^8.1.0"
      }
    },
    "node_modules/@petamoriken/float16": {
      "version": "3.8.4",
      "resolved": "https://registry.npmjs.org/@petamoriken/float16/-/float16-3.8.4.tgz",
      "integrity": "sha512-kB+NJ5Br56ZhElKsf0pM7/PQfrDdDVMRz8f0JM6eVOGE+L89z9hwcst9QvWBBnazzuqGTGtPsJNZoQ1JdNiGSQ=="
    },
    "node_modules/earcut": {
      "version": "2.2.4",
      "resolved": "https://registry.npmjs.org/earcut/-/earcut-2.2.4.tgz",
      "integrity": "sha512-/pjZsA1b4RPHbeWZQn66SWS8nZZWLQQ23oE3Eam7aroEFGEvwKAsJfZ9ytiEMycfzXWpca4FA9QIOehf7PocBQ=="
    },
    "node_modules/geotiff": {
      "version": "2.1.0",
      "resolved": "https://registry.npmjs.org/geotiff/-/geotiff-2.1.0.tgz",
      "integrity": "sha512-B/iFJuFfRpmPHXf8aIRPRgUWwfaNb6dlsynkM8SWeHAPu7CpyvfqEa43KlBt7xxq5OTVysQacFHxhCn3SZhRKQ==",
      "dependencies": {
        "@petamoriken/float16": "^3.4.7",
        "lerc": "^3.0.0",
        "pako": "^2.0.4",
        "parse-headers": "^2.0.2",
        "quick-lru": "^6.1.1",
        "web-worker": "^1.2.0",
        "xml-utils": "^1.0.2",
        "zstddec": "^0.1.0"
      },
      "engines": {
        "node": ">=10.19"
      }
    },
    "node_modules/ieee754": {
      "version": "1.2.1",
      "resolved": "https://registry.npmjs.org/ieee754/-/ieee754-1.2.1.tgz",
      "integrity": "sha512-dcyqhDvX1C46lXZcVqCpK+FtMRQVdIMN6/Df5js2zouUsqG7I6sFxitIC+7KYK29KdXOLHdu9zL4sFnoVQnqaA==",
      "funding": [
        {
          "type": "github",
          "url": "https://github.com/sponsors/feross"
        },
        {
          "type": "patreon",
          "url": "https://www.patreon.com/feross"
        },
        {
          "type": "consulting",
          "url": "https://feross.org/support"
        }
      ]
    },
    "node_modules/lerc": {
      "version": "3.0.0",
      "resolved": "https://registry.npmjs.org/lerc/-/lerc-3.0.0.tgz",
      "integrity": "sha512-Rm4J/WaHhRa93nCN2mwWDZFoRVF18G1f47C+kvQWyHGEZxFpTUi73p7lMVSAndyxGt6lJ2/CFbOcf9ra5p8aww=="
    },
    "node_modules/ol": {
      "version": "8.1.0",
      "resolved": "https://registry.npmjs.org/ol/-/ol-8.1.0.tgz",
      "integrity": "sha512-cx3SH2plpFS9fM8pp1nCypgQXGJD7Mcb1E3mEySmy5XEw1DUEo+kkNzgtAZz5qupekqi7aU9iBJEjCoMfqvO2Q==",
      "dependencies": {
        "earcut": "^2.2.3",
        "geotiff": "^2.0.7",
        "pbf": "3.2.1",
        "rbush": "^3.0.1"
      },
      "funding": {
        "type": "opencollective",
        "url": "https://opencollective.com/openlayers"
      }
    },
    "node_modules/pako": {
      "version": "2.1.0",
      "resolved": "https://registry.npmjs.org/pako/-/pako-2.1.0.tgz",
      "integrity": "sha512-w+eufiZ1WuJYgPXbV/PO3NCMEc3xqylkKHzp8bxp1uW4qaSNQUkwmLLEc3kKsfz8lpV1F8Ht3U1Cm+9Srog2ug=="
    },
    "node_modules/parse-headers": {
      "version": "2.0.5",
      "resolved": "https://registry.npmjs.org/parse-headers/-/parse-headers-2.0.5.tgz",
      "integrity": "sha512-ft3iAoLOB/MlwbNXgzy43SWGP6sQki2jQvAyBg/zDFAgr9bfNWZIUj42Kw2eJIl8kEi4PbgE6U1Zau/HwI75HA=="
    },
    "node_modules/pbf": {
      "version": "3.2.1",
      "resolved": "https://registry.npmjs.org/pbf/-/pbf-3.2.1.tgz",
      "integrity": "sha512-ClrV7pNOn7rtmoQVF4TS1vyU0WhYRnP92fzbfF75jAIwpnzdJXf8iTd4CMEqO4yUenH6NDqLiwjqlh6QgZzgLQ==",
      "dependencies": {
        "ieee754": "^1.1.12",
        "resolve-protobuf-schema": "^2.1.0"
      },
      "bin": {
        "pbf": "bin/pbf"
      }
    },
    "node_modules/protocol-buffers-schema": {
      "version": "3.6.0",
      "resolved": "https://registry.npmjs.org/protocol-buffers-schema/-/protocol-buffers-schema-3.6.0.tgz",
      "integrity": "sha512-TdDRD+/QNdrCGCE7v8340QyuXd4kIWIgapsE2+n/SaGiSSbomYl4TjHlvIoCWRpE7wFt02EpB35VVA2ImcBVqw=="
    },
    "node_modules/quick-lru": {
      "version": "6.1.2",
      "resolved": "https://registry.npmjs.org/quick-lru/-/quick-lru-6.1.2.tgz",
      "integrity": "sha512-AAFUA5O1d83pIHEhJwWCq/RQcRukCkn/NSm2QsTEMle5f2hP0ChI2+3Xb051PZCkLryI/Ir1MVKviT2FIloaTQ==",
      "engines": {
        "node": ">=12"
      },
      "funding": {
        "url": "https://github.com/sponsors/sindresorhus"
      }
    },
    "node_modules/quickselect": {
      "version": "2.0.0",
      "resolved": "https://registry.npmjs.org/quickselect/-/quickselect-2.0.0.tgz",
      "integrity": "sha512-RKJ22hX8mHe3Y6wH/N3wCM6BWtjaxIyyUIkpHOvfFnxdI4yD4tBXEBKSbriGujF6jnSVkJrffuo6vxACiSSxIw=="
    },
    "node_modules/rbush": {
      "version": "3.0.1",
      "resolved": "https://registry.npmjs.org/rbush/-/rbush-3.0.1.tgz",
      "integrity": "sha512-XRaVO0YecOpEuIvbhbpTrZgoiI6xBlz6hnlr6EHhd+0x9ase6EmeN+hdwwUaJvLcsFFQ8iWVF1GAK1yB0BWi0w==",
      "dependencies": {
        "quickselect": "^2.0.0"
      }
    },
    "node_modules/resolve-protobuf-schema": {
      "version": "2.1.0",
      "resolved": "https://registry.npmjs.org/resolve-protobuf-schema/-/resolve-protobuf-schema-2.1.0.tgz",
      "integrity": "sha512-kI5ffTiZWmJaS/huM8wZfEMer1eRd7oJQhDuxeCLe3t7N7mX3z94CN0xPxBQxFYQTSNz9T0i+v6inKqSdK8xrQ==",
      "dependencies": {
        "protocol-buffers-schema": "^3.3.1"
      }
    },
    "node_modules/web-worker": {
      "version": "1.2.0",
      "resolved": "https://registry.npmjs.org/web-worker/-/web-worker-1.2.0.tgz",
      "integrity": "sha512-PgF341avzqyx60neE9DD+XS26MMNMoUQRz9NOZwW32nPQrF6p77f1htcnjBSEV8BGMKZ16choqUG4hyI0Hx7mA=="
    },
    "node_modules/xml-utils": {
      "version": "1.7.0",
      "resolved": "https://registry.npmjs.org/xml-utils/-/xml-utils-1.7.0.tgz",
      "integrity": "sha512-bWB489+RQQclC7A9OW8e5BzbT8Tu//jtAOvkYwewFr+Q9T9KDGvfzC1lp0pYPEQPEoPQLDkmxkepSC/2gIAZGw=="
    },
    "node_modules/zstddec": {
      "version": "0.1.0",
      "resolved": "https://registry.npmjs.org/zstddec/-/zstddec-0.1.0.tgz",
      "integrity": "sha512-w2NTI8+3l3eeltKAdK8QpiLo/flRAr2p8AGeakfMZOXBxOg9HIu4LVDxBi81sYgVhFhdJjv1OrB5ssI8uFPoLg=="
    }
  }
}
